
Microsoft Visual Studio Solution File, Format Version 12.00
# Visual Studio Version 16
VisualStudioVersion = 16.0.31105.61
MinimumVisualStudioVersion = 10.0.40219.1
Project("{FAE04EC0-301F-11D3-BF4B-00C04F79EFBC}") = "OOP .Net", "OOP .Net\OOP .Net.csproj", "{4D39952E-5B69-4F98-9FAB-CBA5FC42180D}"
EndProject
Project("{FAE04EC0-301F-11D3-BF4B-00C04F79EFBC}") = "Interfaces", "Interfaces\Interfaces.csproj", "{E0FF81D9-8C2C-4186-A4CB-126AE063615E}"
EndProject
Global
	GlobalSection(SolutionConfigurationPlatforms) = preSolution
		Debug|Any CPU = Debug|Any CPU
		Release|Any CPU = Release|Any CPU
	EndGlobalSection
	GlobalSection(ProjectConfigurationPlatforms) = postSolution
		{4D39952E-5B69-4F98-9FAB-CBA5FC42180D}.Debug|Any CPU.ActiveCfg = Debug|Any CPU
		{4D39952E-5B69-4F98-9FAB-CBA5FC42180D}.Debug|Any CPU.Build.0 = Debug|Any CPU
		{4D39952E-5B69-4F98-9FAB-CBA5FC42180D}.Release|Any CPU.ActiveCfg = Release|Any CPU
		{4D39952E-5B69-4F98-9FAB-CBA5FC42180D}.Release|Any CPU.Build.0 = Release|Any CPU
		{E0FF81D9-8C2C-4186-A4CB-126AE063615E}.Debug|Any CPU.ActiveCfg = Debug|Any CPU
		{E0FF81D9-8C2C-4186-A4CB-126AE063615E}.Debug|Any CPU.Build.0 = Debug|Any CPU
		{E0FF81D9-8C2C-4186-A4CB-126AE063615E}.Release|Any CPU.ActiveCfg = Release|Any CPU
		{E0FF81D9-8C2C-4186-A4CB-126AE063615E}.Release|Any CPU.Build.0 = Release|Any CPU
	EndGlobalSection
	GlobalSection(SolutionProperties) = preSolution
		HideSolutionNode = FALSE
	EndGlobalSection
	GlobalSection(ExtensibilityGlobals) = postSolution
		SolutionGuid = {9801ADEB-8A64-44D9-AC2E-1EF1A99C98ED}
	EndGlobalSection
EndGlobal
